
Microsoft Visual Studio Solution File, Format Version 12.00
# Visual Studio Version 16
VisualStudioVersion = 16.0.31410.357
MinimumVisualStudioVersion = 10.0.40219.1
Project("{9A19103F-16F7-4668-BE54-9A1E7A4F7556}") = "ArithmeticOperatorWUI", "ArithmeticOperatorWinForm\ArithmeticOperatorWUI.csproj", "{EF9FC37B-0173-42E2-9172-2E45A2E9E3F6}"
EndProject
Project("{9A19103F-16F7-4668-BE54-9A1E7A4F7556}") = "ArithmeticOperatorBLL", "ArithmeticOperatorBLL\ArithmeticOperatorBLL.csproj", "{3CB4F42E-4A47-4CF5-87F2-BD8A7CF5F8DC}"
EndProject
Project("{9A19103F-16F7-4668-BE54-9A1E7A4F7556}") = "ArithmeticOperationTestProject", "ArithmeticOperationTestProject\ArithmeticOperationTestProject.csproj", "{FEB0C455-D3A4-4976-9709-BA31B134C77C}"
EndProject
Project("{9A19103F-16F7-4668-BE54-9A1E7A4F7556}") = "ArithmeticOperatorDAL", "ArithmeticOperatorDAL\ArithmeticOperatorDAL.csproj", "{04CD8BF2-9C7A-4BE4-AE8B-04BB06177205}"
EndProject
Project("{FAE04EC0-301F-11D3-BF4B-00C04F79EFBC}") = "ArithmeticOperatorDTO", "ArithmeticOperatorDTO\ArithmeticOperatorDTO.csproj", "{FC5B65ED-377D-410E-BF00-7C531589F167}"
EndProject
Global
	GlobalSection(SolutionConfigurationPlatforms) = preSolution
		Debug|Any CPU = Debug|Any CPU
		Release|Any CPU = Release|Any CPU
	EndGlobalSection
	GlobalSection(ProjectConfigurationPlatforms) = postSolution
		{EF9FC37B-0173-42E2-9172-2E45A2E9E3F6}.Debug|Any CPU.ActiveCfg = Debug|Any CPU
		{EF9FC37B-0173-42E2-9172-2E45A2E9E3F6}.Debug|Any CPU.Build.0 = Debug|Any CPU
		{EF9FC37B-0173-42E2-9172-2E45A2E9E3F6}.Release|Any CPU.ActiveCfg = Release|Any CPU
		{EF9FC37B-0173-42E2-9172-2E45A2E9E3F6}.Release|Any CPU.Build.0 = Release|Any CPU
		{3CB4F42E-4A47-4CF5-87F2-BD8A7CF5F8DC}.Debug|Any CPU.ActiveCfg = Debug|Any CPU
		{3CB4F42E-4A47-4CF5-87F2-BD8A7CF5F8DC}.Debug|Any CPU.Build.0 = Debug|Any CPU
		{3CB4F42E-4A47-4CF5-87F2-BD8A7CF5F8DC}.Release|Any CPU.ActiveCfg = Release|Any CPU
		{3CB4F42E-4A47-4CF5-87F2-BD8A7CF5F8DC}.Release|Any CPU.Build.0 = Release|Any CPU
		{FEB0C455-D3A4-4976-9709-BA31B134C77C}.Debug|Any CPU.ActiveCfg = Debug|Any CPU
		{FEB0C455-D3A4-4976-9709-BA31B134C77C}.Debug|Any CPU.Build.0 = Debug|Any CPU
		{FEB0C455-D3A4-4976-9709-BA31B134C77C}.Release|Any CPU.ActiveCfg = Release|Any CPU
		{FEB0C455-D3A4-4976-9709-BA31B134C77C}.Release|Any CPU.Build.0 = Release|Any CPU
		{04CD8BF2-9C7A-4BE4-AE8B-04BB06177205}.Debug|Any CPU.ActiveCfg = Debug|Any CPU
		{04CD8BF2-9C7A-4BE4-AE8B-04BB06177205}.Debug|Any CPU.Build.0 = Debug|Any CPU
		{04CD8BF2-9C7A-4BE4-AE8B-04BB06177205}.Release|Any CPU.ActiveCfg = Release|Any CPU
		{04CD8BF2-9C7A-4BE4-AE8B-04BB06177205}.Release|Any CPU.Build.0 = Release|Any CPU
		{FC5B65ED-377D-410E-BF00-7C531589F167}.Debug|Any CPU.ActiveCfg = Debug|Any CPU
		{FC5B65ED-377D-410E-BF00-7C531589F167}.Debug|Any CPU.Build.0 = Debug|Any CPU
		{FC5B65ED-377D-410E-BF00-7C531589F167}.Release|Any CPU.ActiveCfg = Release|Any CPU
		{FC5B65ED-377D-410E-BF00-7C531589F167}.Release|Any CPU.Build.0 = Release|Any CPU
	EndGlobalSection
	GlobalSection(SolutionProperties) = preSolution
		HideSolutionNode = FALSE
	EndGlobalSection
	GlobalSection(ExtensibilityGlobals) = postSolution
		SolutionGuid = {3C7E4EF8-49AD-482F-8269-1BB5792AF59D}
	EndGlobalSection
EndGlobal
