
Microsoft Visual Studio Solution File, Format Version 12.00
# Visual Studio Version 16
VisualStudioVersion = 16.0.31410.357
MinimumVisualStudioVersion = 10.0.40219.1
Project("{FAE04EC0-301F-11D3-BF4B-00C04F79EFBC}") = "ConsoleApplication", "ConsoleApplication\ConsoleApplication.csproj", "{6BC5E09B-6984-4916-BCA3-B430484C1F90}"
EndProject
Project("{FAE04EC0-301F-11D3-BF4B-00C04F79EFBC}") = "UnitTestProject", "UnitTestProject\UnitTestProject.csproj", "{613E4131-A5C9-4C8C-8508-E7A0BDF530F1}"
EndProject
Project("{FAE04EC0-301F-11D3-BF4B-00C04F79EFBC}") = "PalindromeProjectBLL", "PalindromeProjectBLL\PalindromeProjectBLL.csproj", "{F79B98DC-6B16-4887-B366-AD0F9EA31F09}"
EndProject
Global
	GlobalSection(SolutionConfigurationPlatforms) = preSolution
		Debug|Any CPU = Debug|Any CPU
		Release|Any CPU = Release|Any CPU
	EndGlobalSection
	GlobalSection(ProjectConfigurationPlatforms) = postSolution
		{6BC5E09B-6984-4916-BCA3-B430484C1F90}.Debug|Any CPU.ActiveCfg = Debug|Any CPU
		{6BC5E09B-6984-4916-BCA3-B430484C1F90}.Debug|Any CPU.Build.0 = Debug|Any CPU
		{6BC5E09B-6984-4916-BCA3-B430484C1F90}.Release|Any CPU.ActiveCfg = Release|Any CPU
		{6BC5E09B-6984-4916-BCA3-B430484C1F90}.Release|Any CPU.Build.0 = Release|Any CPU
		{613E4131-A5C9-4C8C-8508-E7A0BDF530F1}.Debug|Any CPU.ActiveCfg = Debug|Any CPU
		{613E4131-A5C9-4C8C-8508-E7A0BDF530F1}.Debug|Any CPU.Build.0 = Debug|Any CPU
		{613E4131-A5C9-4C8C-8508-E7A0BDF530F1}.Release|Any CPU.ActiveCfg = Release|Any CPU
		{613E4131-A5C9-4C8C-8508-E7A0BDF530F1}.Release|Any CPU.Build.0 = Release|Any CPU
		{F79B98DC-6B16-4887-B366-AD0F9EA31F09}.Debug|Any CPU.ActiveCfg = Debug|Any CPU
		{F79B98DC-6B16-4887-B366-AD0F9EA31F09}.Debug|Any CPU.Build.0 = Debug|Any CPU
		{F79B98DC-6B16-4887-B366-AD0F9EA31F09}.Release|Any CPU.ActiveCfg = Release|Any CPU
		{F79B98DC-6B16-4887-B366-AD0F9EA31F09}.Release|Any CPU.Build.0 = Release|Any CPU
	EndGlobalSection
	GlobalSection(SolutionProperties) = preSolution
		HideSolutionNode = FALSE
	EndGlobalSection
	GlobalSection(ExtensibilityGlobals) = postSolution
		SolutionGuid = {4C4357BF-E5D7-4E31-BE44-76A763FDFD9E}
	EndGlobalSection
EndGlobal
